
Microsoft Visual Studio Solution File, Format Version 12.00
# Visual Studio 15
VisualStudioVersion = 15.0.27703.2042
MinimumVisualStudioVersion = 10.0.40219.1
Project("{FAE04EC0-301F-11D3-BF4B-00C04F79EFBC}") = "Thesis", "Thesis\Thesis.csproj", "{AA0AB8BD-F137-4F73-8D8C-B62F2972BCF9}"
EndProject
Global
	GlobalSection(SolutionConfigurationPlatforms) = preSolution
		Debug|Any CPU = Debug|Any CPU
		Release|Any CPU = Release|Any CPU
	EndGlobalSection
	GlobalSection(ProjectConfigurationPlatforms) = postSolution
		{AA0AB8BD-F137-4F73-8D8C-B62F2972BCF9}.Debug|Any CPU.ActiveCfg = Debug|Any CPU
		{AA0AB8BD-F137-4F73-8D8C-B62F2972BCF9}.Debug|Any CPU.Build.0 = Debug|Any CPU
		{AA0AB8BD-F137-4F73-8D8C-B62F2972BCF9}.Release|Any CPU.ActiveCfg = Release|Any CPU
		{AA0AB8BD-F137-4F73-8D8C-B62F2972BCF9}.Release|Any CPU.Build.0 = Release|Any CPU
	EndGlobalSection
	GlobalSection(SolutionProperties) = preSolution
		HideSolutionNode = FALSE
	EndGlobalSection
	GlobalSection(ExtensibilityGlobals) = postSolution
		SolutionGuid = {5CDF0420-A426-4C39-8070-1F37D7B23BF2}
	EndGlobalSection
EndGlobal
